{
  "lockfileVersion": 1,
  "configVersion": 1,
  "workspaces": {
    "": {
      "name": "aptos-sdk-specs",
      "devDependencies": {
        "prettier": "^3.5.3",
        "prettier-plugin-gherkin": "^4.0.0",
      },
    },
  },
  "packages": {
    "@cucumber/gherkin": ["@cucumber/gherkin@39.1.0", "", { "dependencies": { "@cucumber/messages": ">=31.0.0 <33" } }, "sha512-pqmSO2bUWxJm3TbNrKXlDaHjL6c77+ez9kWmfCd9oRPeTRPEVH3spZvpAqdXYWOZYSNYwWFCAAeZ4RGpkauNoQ=="],

    "@cucumber/messages": ["@cucumber/messages@32.3.1", "", { "dependencies": { "class-transformer": "0.5.1", "reflect-metadata": "0.2.2" } }, "sha512-yNQq1KoXRYaEKrWMFmpUQX7TdeQuU9jeGgJAZ3dArTsC/T4NpJ6DnqaJIIgwPnz/wtQIQTNX7/h0rOuF5xY4qQ=="],

    "class-transformer": ["class-transformer@0.5.1", "", {}, "sha512-SQa1Ws6hUbfC98vKGxZH3KFY0Y1lm5Zm0SY8XX9zbK7FJCyVEac3ATW0RIpwzW+oOfmHE5PMPufDG9hCfoEOMw=="],

    "prettier": ["prettier@3.7.4", "", { "bin": { "prettier": "bin/prettier.cjs" } }, "sha512-v6UNi1+3hSlVvv8fSaoUbggEM5VErKmmpGA7Pl3HF8V6uKY7rvClBOJlH6yNwQtfTueNkGVpOv/mtWL9L4bgRA=="],

    "prettier-plugin-gherkin": ["prettier-plugin-gherkin@4.0.0", "", { "dependencies": { "@cucumber/gherkin": "^39.1.0", "@cucumber/messages": "^32.3.1", "prettier": "^3.5.3" } }, "sha512-EBDwV1Ou9rG+seoh7jcwZ6sXXyHwsbUks5TeSyrlrLaTdz+/qYvnHuwY8rk7mb6/+M1ZGuY4/SiVc68ybwvJOA=="],

    "reflect-metadata": ["reflect-metadata@0.2.2", "", {}, "sha512-urBwgfrvVP/eAyXx4hluJivBKzuEbSQs9rKWCrCkbSxNv8mxPcUZKeuoF3Uy4mJl3Lwprp6yy5/39VWigZ4K6Q=="],
  }
}
